
Microsoft Visual Studio Solution File, Format Version 12.00
# Visual Studio Version 17
VisualStudioVersion = 17.5.33627.172
MinimumVisualStudioVersion = 10.0.40219.1
Project("{FAE04EC0-301F-11D3-BF4B-00C04F79EFBC}") = "Client", "Client\Client.csproj", "{6965DBF3-B28A-4D8F-BDB3-ACD96C3A7AB8}"
EndProject
Project("{FAE04EC0-301F-11D3-BF4B-00C04F79EFBC}") = "Server", "Server\Server.csproj", "{FDC043E8-9B32-40CF-9794-7933DA2B0CD0}"
EndProject
Project("{FAE04EC0-301F-11D3-BF4B-00C04F79EFBC}") = "Shared", "Shared\Shared.csproj", "{EBD24FE2-0D12-4EB4-AB69-0B802D3791FE}"
EndProject
Project("{FAE04EC0-301F-11D3-BF4B-00C04F79EFBC}") = "UseCases", "UseCases\UseCases.csproj", "{CC9A180A-153E-42B8-8DDE-DE368F37E007}"
EndProject
Project("{FAE04EC0-301F-11D3-BF4B-00C04F79EFBC}") = "Plugin.DataStore.SQLSERVER", "Plugin.DataStore.SQLSERVER\Plugin.DataStore.SQLSERVER.csproj", "{797E9F77-098C-4ACF-9C79-71BD60D2DC26}"
EndProject
Global
	GlobalSection(SolutionConfigurationPlatforms) = preSolution
		Debug|Any CPU = Debug|Any CPU
		Release|Any CPU = Release|Any CPU
	EndGlobalSection
	GlobalSection(ProjectConfigurationPlatforms) = postSolution
		{6965DBF3-B28A-4D8F-BDB3-ACD96C3A7AB8}.Debug|Any CPU.ActiveCfg = Debug|Any CPU
		{6965DBF3-B28A-4D8F-BDB3-ACD96C3A7AB8}.Debug|Any CPU.Build.0 = Debug|Any CPU
		{6965DBF3-B28A-4D8F-BDB3-ACD96C3A7AB8}.Release|Any CPU.ActiveCfg = Release|Any CPU
		{6965DBF3-B28A-4D8F-BDB3-ACD96C3A7AB8}.Release|Any CPU.Build.0 = Release|Any CPU
		{FDC043E8-9B32-40CF-9794-7933DA2B0CD0}.Debug|Any CPU.ActiveCfg = Debug|Any CPU
		{FDC043E8-9B32-40CF-9794-7933DA2B0CD0}.Debug|Any CPU.Build.0 = Debug|Any CPU
		{FDC043E8-9B32-40CF-9794-7933DA2B0CD0}.Release|Any CPU.ActiveCfg = Release|Any CPU
		{FDC043E8-9B32-40CF-9794-7933DA2B0CD0}.Release|Any CPU.Build.0 = Release|Any CPU
		{EBD24FE2-0D12-4EB4-AB69-0B802D3791FE}.Debug|Any CPU.ActiveCfg = Debug|Any CPU
		{EBD24FE2-0D12-4EB4-AB69-0B802D3791FE}.Debug|Any CPU.Build.0 = Debug|Any CPU
		{EBD24FE2-0D12-4EB4-AB69-0B802D3791FE}.Release|Any CPU.ActiveCfg = Release|Any CPU
		{EBD24FE2-0D12-4EB4-AB69-0B802D3791FE}.Release|Any CPU.Build.0 = Release|Any CPU
		{CC9A180A-153E-42B8-8DDE-DE368F37E007}.Debug|Any CPU.ActiveCfg = Debug|Any CPU
		{CC9A180A-153E-42B8-8DDE-DE368F37E007}.Debug|Any CPU.Build.0 = Debug|Any CPU
		{CC9A180A-153E-42B8-8DDE-DE368F37E007}.Release|Any CPU.ActiveCfg = Release|Any CPU
		{CC9A180A-153E-42B8-8DDE-DE368F37E007}.Release|Any CPU.Build.0 = Release|Any CPU
		{797E9F77-098C-4ACF-9C79-71BD60D2DC26}.Debug|Any CPU.ActiveCfg = Debug|Any CPU
		{797E9F77-098C-4ACF-9C79-71BD60D2DC26}.Debug|Any CPU.Build.0 = Debug|Any CPU
		{797E9F77-098C-4ACF-9C79-71BD60D2DC26}.Release|Any CPU.ActiveCfg = Release|Any CPU
		{797E9F77-098C-4ACF-9C79-71BD60D2DC26}.Release|Any CPU.Build.0 = Release|Any CPU
	EndGlobalSection
	GlobalSection(SolutionProperties) = preSolution
		HideSolutionNode = FALSE
	EndGlobalSection
	GlobalSection(ExtensibilityGlobals) = postSolution
		SolutionGuid = {33A93350-5F35-47B9-82EE-0BD2B5B882F6}
	EndGlobalSection
EndGlobal
